
Microsoft Visual Studio Solution File, Format Version 12.00
# Visual Studio Version 17
VisualStudioVersion = 17.11.35017.193
MinimumVisualStudioVersion = 10.0.40219.1
Project("{2150E333-8FDC-42A3-9474-1A3956D46DE8}") = "Main", "Main", "{904315FA-0D83-44A1-AC98-084448FA057F}"
EndProject
Project("{2150E333-8FDC-42A3-9474-1A3956D46DE8}") = "Common", "Common", "{D51DB7B5-992B-45C7-9BDF-7559DE11F94C}"
EndProject
Project("{2150E333-8FDC-42A3-9474-1A3956D46DE8}") = "Module", "Module", "{31BC9069-2DD9-4AA0-B57D-C3AC8728C1E8}"
EndProject
Project("{FAE04EC0-301F-11D3-BF4B-00C04F79EFBC}") = "Main", "Main\Main\Main.csproj", "{1C039589-558D-408A-801E-7A18BDED05AD}"
EndProject
Project("{FAE04EC0-301F-11D3-BF4B-00C04F79EFBC}") = "MainStart", "Main\MainStart\MainStart.csproj", "{F8AB8072-1E66-4B3D-93A8-A4EF42579CC5}"
EndProject
Project("{FAE04EC0-301F-11D3-BF4B-00C04F79EFBC}") = "Common", "Common\Common\Common.csproj", "{DFB93C3A-965C-48BB-BAB2-982268B64E7E}"
EndProject
Project("{2150E333-8FDC-42A3-9474-1A3956D46DE8}") = "Test", "Test", "{B196AC28-1814-4E88-B277-55A995FCBF3C}"
EndProject
Project("{FAE04EC0-301F-11D3-BF4B-00C04F79EFBC}") = "TestStart", "Module\Test\TestStart\TestStart.csproj", "{B403B764-6B92-4F0A-8287-9A61D9BBFBF3}"
EndProject
Project("{FAE04EC0-301F-11D3-BF4B-00C04F79EFBC}") = "TestRepository", "Module\Test\TestRepository\TestRepository.csproj", "{0535E9D6-D1C7-4E2F-83B7-2825E28F03EF}"
EndProject
Project("{FAE04EC0-301F-11D3-BF4B-00C04F79EFBC}") = "TestApplication", "Module\Test\TestApplication\TestApplication.csproj", "{B5F18639-91C6-4C66-BDCC-3F1AF60FA33B}"
EndProject
Project("{FAE04EC0-301F-11D3-BF4B-00C04F79EFBC}") = "TestController", "Module\Test\TestController\TestController.csproj", "{C8831E4F-0B01-44A2-82BB-E605BA077842}"
EndProject
Project("{FAE04EC0-301F-11D3-BF4B-00C04F79EFBC}") = "TestEntity", "Module\Test\TestEntity\TestEntity.csproj", "{12CEAE12-79CB-49AD-9E1C-9E658B0FB2AE}"
EndProject
Global
	GlobalSection(SolutionConfigurationPlatforms) = preSolution
		Debug|Any CPU = Debug|Any CPU
		Release|Any CPU = Release|Any CPU
	EndGlobalSection
	GlobalSection(ProjectConfigurationPlatforms) = postSolution
		{1C039589-558D-408A-801E-7A18BDED05AD}.Debug|Any CPU.ActiveCfg = Debug|Any CPU
		{1C039589-558D-408A-801E-7A18BDED05AD}.Debug|Any CPU.Build.0 = Debug|Any CPU
		{1C039589-558D-408A-801E-7A18BDED05AD}.Release|Any CPU.ActiveCfg = Release|Any CPU
		{1C039589-558D-408A-801E-7A18BDED05AD}.Release|Any CPU.Build.0 = Release|Any CPU
		{F8AB8072-1E66-4B3D-93A8-A4EF42579CC5}.Debug|Any CPU.ActiveCfg = Debug|Any CPU
		{F8AB8072-1E66-4B3D-93A8-A4EF42579CC5}.Debug|Any CPU.Build.0 = Debug|Any CPU
		{F8AB8072-1E66-4B3D-93A8-A4EF42579CC5}.Release|Any CPU.ActiveCfg = Release|Any CPU
		{F8AB8072-1E66-4B3D-93A8-A4EF42579CC5}.Release|Any CPU.Build.0 = Release|Any CPU
		{DFB93C3A-965C-48BB-BAB2-982268B64E7E}.Debug|Any CPU.ActiveCfg = Debug|Any CPU
		{DFB93C3A-965C-48BB-BAB2-982268B64E7E}.Debug|Any CPU.Build.0 = Debug|Any CPU
		{DFB93C3A-965C-48BB-BAB2-982268B64E7E}.Release|Any CPU.ActiveCfg = Release|Any CPU
		{DFB93C3A-965C-48BB-BAB2-982268B64E7E}.Release|Any CPU.Build.0 = Release|Any CPU
		{B403B764-6B92-4F0A-8287-9A61D9BBFBF3}.Debug|Any CPU.ActiveCfg = Debug|Any CPU
		{B403B764-6B92-4F0A-8287-9A61D9BBFBF3}.Debug|Any CPU.Build.0 = Debug|Any CPU
		{B403B764-6B92-4F0A-8287-9A61D9BBFBF3}.Release|Any CPU.ActiveCfg = Release|Any CPU
		{B403B764-6B92-4F0A-8287-9A61D9BBFBF3}.Release|Any CPU.Build.0 = Release|Any CPU
		{0535E9D6-D1C7-4E2F-83B7-2825E28F03EF}.Debug|Any CPU.ActiveCfg = Debug|Any CPU
		{0535E9D6-D1C7-4E2F-83B7-2825E28F03EF}.Debug|Any CPU.Build.0 = Debug|Any CPU
		{0535E9D6-D1C7-4E2F-83B7-2825E28F03EF}.Release|Any CPU.ActiveCfg = Release|Any CPU
		{0535E9D6-D1C7-4E2F-83B7-2825E28F03EF}.Release|Any CPU.Build.0 = Release|Any CPU
		{B5F18639-91C6-4C66-BDCC-3F1AF60FA33B}.Debug|Any CPU.ActiveCfg = Debug|Any CPU
		{B5F18639-91C6-4C66-BDCC-3F1AF60FA33B}.Debug|Any CPU.Build.0 = Debug|Any CPU
		{B5F18639-91C6-4C66-BDCC-3F1AF60FA33B}.Release|Any CPU.ActiveCfg = Release|Any CPU
		{B5F18639-91C6-4C66-BDCC-3F1AF60FA33B}.Release|Any CPU.Build.0 = Release|Any CPU
		{C8831E4F-0B01-44A2-82BB-E605BA077842}.Debug|Any CPU.ActiveCfg = Debug|Any CPU
		{C8831E4F-0B01-44A2-82BB-E605BA077842}.Debug|Any CPU.Build.0 = Debug|Any CPU
		{C8831E4F-0B01-44A2-82BB-E605BA077842}.Release|Any CPU.ActiveCfg = Release|Any CPU
		{C8831E4F-0B01-44A2-82BB-E605BA077842}.Release|Any CPU.Build.0 = Release|Any CPU
		{12CEAE12-79CB-49AD-9E1C-9E658B0FB2AE}.Debug|Any CPU.ActiveCfg = Debug|Any CPU
		{12CEAE12-79CB-49AD-9E1C-9E658B0FB2AE}.Debug|Any CPU.Build.0 = Debug|Any CPU
		{12CEAE12-79CB-49AD-9E1C-9E658B0FB2AE}.Release|Any CPU.ActiveCfg = Release|Any CPU
		{12CEAE12-79CB-49AD-9E1C-9E658B0FB2AE}.Release|Any CPU.Build.0 = Release|Any CPU
	EndGlobalSection
	GlobalSection(SolutionProperties) = preSolution
		HideSolutionNode = FALSE
	EndGlobalSection
	GlobalSection(NestedProjects) = preSolution
		{1C039589-558D-408A-801E-7A18BDED05AD} = {904315FA-0D83-44A1-AC98-084448FA057F}
		{F8AB8072-1E66-4B3D-93A8-A4EF42579CC5} = {904315FA-0D83-44A1-AC98-084448FA057F}
		{DFB93C3A-965C-48BB-BAB2-982268B64E7E} = {D51DB7B5-992B-45C7-9BDF-7559DE11F94C}
		{B196AC28-1814-4E88-B277-55A995FCBF3C} = {31BC9069-2DD9-4AA0-B57D-C3AC8728C1E8}
		{B403B764-6B92-4F0A-8287-9A61D9BBFBF3} = {B196AC28-1814-4E88-B277-55A995FCBF3C}
		{0535E9D6-D1C7-4E2F-83B7-2825E28F03EF} = {B196AC28-1814-4E88-B277-55A995FCBF3C}
		{B5F18639-91C6-4C66-BDCC-3F1AF60FA33B} = {B196AC28-1814-4E88-B277-55A995FCBF3C}
		{C8831E4F-0B01-44A2-82BB-E605BA077842} = {B196AC28-1814-4E88-B277-55A995FCBF3C}
		{12CEAE12-79CB-49AD-9E1C-9E658B0FB2AE} = {B196AC28-1814-4E88-B277-55A995FCBF3C}
	EndGlobalSection
	GlobalSection(ExtensibilityGlobals) = postSolution
		SolutionGuid = {292DA663-7881-462C-8FB7-153ECC2F7E17}
	EndGlobalSection
EndGlobal
