
Microsoft Visual Studio Solution File, Format Version 12.00
# Visual Studio Version 17
VisualStudioVersion = 17.11.35017.193
MinimumVisualStudioVersion = 10.0.40219.1
Project("{2150E333-8FDC-42A3-9474-1A3956D46DE8}") = "Main", "Main", "{904315FA-0D83-44A1-AC98-084448FA057F}"
EndProject
Project("{2150E333-8FDC-42A3-9474-1A3956D46DE8}") = "Common", "Common", "{D51DB7B5-992B-45C7-9BDF-7559DE11F94C}"
EndProject
Project("{2150E333-8FDC-42A3-9474-1A3956D46DE8}") = "Module", "Module", "{31BC9069-2DD9-4AA0-B57D-C3AC8728C1E8}"
EndProject
Project("{9A19103F-16F7-4668-BE54-9A1E7A4F7556}") = "Main", "Main\Main\Main.csproj", "{1C039589-558D-408A-801E-7A18BDED05AD}"
EndProject
Project("{9A19103F-16F7-4668-BE54-9A1E7A4F7556}") = "MainStart", "Main\MainStart\MainStart.csproj", "{F8AB8072-1E66-4B3D-93A8-A4EF42579CC5}"
EndProject
Project("{9A19103F-16F7-4668-BE54-9A1E7A4F7556}") = "Common", "Common\Common\Common.csproj", "{DFB93C3A-965C-48BB-BAB2-982268B64E7E}"
EndProject
Project("{2150E333-8FDC-42A3-9474-1A3956D46DE8}") = "Test", "Test", "{B196AC28-1814-4E88-B277-55A995FCBF3C}"
EndProject
Project("{9A19103F-16F7-4668-BE54-9A1E7A4F7556}") = "TestStart", "Module\Test\TestStart\TestStart.csproj", "{B403B764-6B92-4F0A-8287-9A61D9BBFBF3}"
EndProject
Project("{9A19103F-16F7-4668-BE54-9A1E7A4F7556}") = "TestRepository", "Module\Test\TestRepository\TestRepository.csproj", "{0535E9D6-D1C7-4E2F-83B7-2825E28F03EF}"
EndProject
Project("{9A19103F-16F7-4668-BE54-9A1E7A4F7556}") = "TestApplication", "Module\Test\TestApplication\TestApplication.csproj", "{B5F18639-91C6-4C66-BDCC-3F1AF60FA33B}"
EndProject
Project("{9A19103F-16F7-4668-BE54-9A1E7A4F7556}") = "TestController", "Module\Test\TestController\TestController.csproj", "{C8831E4F-0B01-44A2-82BB-E605BA077842}"
EndProject
Project("{9A19103F-16F7-4668-BE54-9A1E7A4F7556}") = "TestEntity", "Module\Test\TestEntity\TestEntity.csproj", "{12CEAE12-79CB-49AD-9E1C-9E658B0FB2AE}"
EndProject
Project("{2150E333-8FDC-42A3-9474-1A3956D46DE8}") = "Produce", "Produce", "{AF5EB33F-27CF-4713-87B0-EB1CC42949A8}"
EndProject
Project("{2150E333-8FDC-42A3-9474-1A3956D46DE8}") = "Device", "Device", "{E90E0A8E-71C7-43F3-872D-DB266B23824F}"
EndProject
Project("{9A19103F-16F7-4668-BE54-9A1E7A4F7556}") = "ProduceStart", "Module\Produce\ProduceStart\ProduceStart.csproj", "{F53DD832-E7F0-43CF-A292-511654CB2A94}"
EndProject
Project("{9A19103F-16F7-4668-BE54-9A1E7A4F7556}") = "ProduceEntity", "Module\Produce\ProduceEntity\ProduceEntity.csproj", "{986158AE-241B-4DD9-A83F-FDB4FF598351}"
EndProject
Project("{9A19103F-16F7-4668-BE54-9A1E7A4F7556}") = "ProduceRepository", "Module\Produce\ProduceRepository\ProduceRepository.csproj", "{F0737751-A640-40C1-9904-155534296477}"
EndProject
Project("{9A19103F-16F7-4668-BE54-9A1E7A4F7556}") = "ProduceApplication", "Module\Produce\ProduceApplication\ProduceApplication.csproj", "{2816AA11-C60A-4740-99CE-44936F902AF0}"
EndProject
Project("{9A19103F-16F7-4668-BE54-9A1E7A4F7556}") = "ProduceController", "Module\Produce\ProduceController\ProduceController.csproj", "{21A03EBD-D609-4575-A8A1-64BE1F9C73E6}"
EndProject
Project("{9A19103F-16F7-4668-BE54-9A1E7A4F7556}") = "DeviceStart", "Module\Device\DeviceStart\DeviceStart.csproj", "{DE564A6B-CDD8-417D-B80E-CFED9F7C73E2}"
EndProject
Project("{9A19103F-16F7-4668-BE54-9A1E7A4F7556}") = "DeviceApplication", "Module\Device\DeviceApplication\DeviceApplication.csproj", "{F27A0293-BD82-4ABF-91AA-9B593465C89C}"
EndProject
Project("{9A19103F-16F7-4668-BE54-9A1E7A4F7556}") = "DeviceRepository", "Module\Device\DeviceRepository\DeviceRepository.csproj", "{BC24D314-53BD-4783-B806-63FFA6917239}"
EndProject
Project("{9A19103F-16F7-4668-BE54-9A1E7A4F7556}") = "DeviceEntity", "Module\Device\DeviceEntity\DeviceEntity.csproj", "{35FCAE00-F9BE-45D1-9960-37A403FC911E}"
EndProject
Project("{9A19103F-16F7-4668-BE54-9A1E7A4F7556}") = "DeviceController", "Module\Device\DeviceController\DeviceController.csproj", "{EF2832CF-7E3F-4697-9915-38874101F1E9}"
EndProject
Project("{2150E333-8FDC-42A3-9474-1A3956D46DE8}") = "Gateway", "Gateway", "{DD85475E-ECE6-4642-8EAD-6A2DA08E717E}"
EndProject
Project("{FAE04EC0-301F-11D3-BF4B-00C04F79EFBC}") = "GatewayApplication", "Module\Gateway\GatewayApplication\GatewayApplication.csproj", "{FC9D70E9-5EBA-4878-B3FB-C04F8446CF0C}"
EndProject
Project("{FAE04EC0-301F-11D3-BF4B-00C04F79EFBC}") = "GatewayController", "Module\Gateway\GatewayController\GatewayController.csproj", "{36654796-A5C7-42AE-AA17-1218596CE242}"
EndProject
Project("{FAE04EC0-301F-11D3-BF4B-00C04F79EFBC}") = "GatewayEntity", "Module\Gateway\GatewayEntity\GatewayEntity.csproj", "{CF4DA92B-E183-4C3F-91BC-C6D5F0DBB305}"
EndProject
Project("{FAE04EC0-301F-11D3-BF4B-00C04F79EFBC}") = "GatewayRepository", "Module\Gateway\GatewayRepository\GatewayRepository.csproj", "{4CF143DC-6071-4366-A3A0-F452004B272E}"
EndProject
Project("{FAE04EC0-301F-11D3-BF4B-00C04F79EFBC}") = "GatewayStart", "Module\Gateway\GatewayStart\GatewayStart.csproj", "{95C3536B-5428-4598-BF7B-D8D10485EBC3}"
EndProject
Global
	GlobalSection(SolutionConfigurationPlatforms) = preSolution
		Debug|Any CPU = Debug|Any CPU
		Release|Any CPU = Release|Any CPU
	EndGlobalSection
	GlobalSection(ProjectConfigurationPlatforms) = postSolution
		{1C039589-558D-408A-801E-7A18BDED05AD}.Debug|Any CPU.ActiveCfg = Debug|Any CPU
		{1C039589-558D-408A-801E-7A18BDED05AD}.Debug|Any CPU.Build.0 = Debug|Any CPU
		{1C039589-558D-408A-801E-7A18BDED05AD}.Release|Any CPU.ActiveCfg = Release|Any CPU
		{1C039589-558D-408A-801E-7A18BDED05AD}.Release|Any CPU.Build.0 = Release|Any CPU
		{F8AB8072-1E66-4B3D-93A8-A4EF42579CC5}.Debug|Any CPU.ActiveCfg = Debug|Any CPU
		{F8AB8072-1E66-4B3D-93A8-A4EF42579CC5}.Debug|Any CPU.Build.0 = Debug|Any CPU
		{F8AB8072-1E66-4B3D-93A8-A4EF42579CC5}.Release|Any CPU.ActiveCfg = Release|Any CPU
		{F8AB8072-1E66-4B3D-93A8-A4EF42579CC5}.Release|Any CPU.Build.0 = Release|Any CPU
		{DFB93C3A-965C-48BB-BAB2-982268B64E7E}.Debug|Any CPU.ActiveCfg = Debug|Any CPU
		{DFB93C3A-965C-48BB-BAB2-982268B64E7E}.Debug|Any CPU.Build.0 = Debug|Any CPU
		{DFB93C3A-965C-48BB-BAB2-982268B64E7E}.Release|Any CPU.ActiveCfg = Release|Any CPU
		{DFB93C3A-965C-48BB-BAB2-982268B64E7E}.Release|Any CPU.Build.0 = Release|Any CPU
		{B403B764-6B92-4F0A-8287-9A61D9BBFBF3}.Debug|Any CPU.ActiveCfg = Debug|Any CPU
		{B403B764-6B92-4F0A-8287-9A61D9BBFBF3}.Debug|Any CPU.Build.0 = Debug|Any CPU
		{B403B764-6B92-4F0A-8287-9A61D9BBFBF3}.Release|Any CPU.ActiveCfg = Release|Any CPU
		{B403B764-6B92-4F0A-8287-9A61D9BBFBF3}.Release|Any CPU.Build.0 = Release|Any CPU
		{0535E9D6-D1C7-4E2F-83B7-2825E28F03EF}.Debug|Any CPU.ActiveCfg = Debug|Any CPU
		{0535E9D6-D1C7-4E2F-83B7-2825E28F03EF}.Debug|Any CPU.Build.0 = Debug|Any CPU
		{0535E9D6-D1C7-4E2F-83B7-2825E28F03EF}.Release|Any CPU.ActiveCfg = Release|Any CPU
		{0535E9D6-D1C7-4E2F-83B7-2825E28F03EF}.Release|Any CPU.Build.0 = Release|Any CPU
		{B5F18639-91C6-4C66-BDCC-3F1AF60FA33B}.Debug|Any CPU.ActiveCfg = Debug|Any CPU
		{B5F18639-91C6-4C66-BDCC-3F1AF60FA33B}.Debug|Any CPU.Build.0 = Debug|Any CPU
		{B5F18639-91C6-4C66-BDCC-3F1AF60FA33B}.Release|Any CPU.ActiveCfg = Release|Any CPU
		{B5F18639-91C6-4C66-BDCC-3F1AF60FA33B}.Release|Any CPU.Build.0 = Release|Any CPU
		{C8831E4F-0B01-44A2-82BB-E605BA077842}.Debug|Any CPU.ActiveCfg = Debug|Any CPU
		{C8831E4F-0B01-44A2-82BB-E605BA077842}.Debug|Any CPU.Build.0 = Debug|Any CPU
		{C8831E4F-0B01-44A2-82BB-E605BA077842}.Release|Any CPU.ActiveCfg = Release|Any CPU
		{C8831E4F-0B01-44A2-82BB-E605BA077842}.Release|Any CPU.Build.0 = Release|Any CPU
		{12CEAE12-79CB-49AD-9E1C-9E658B0FB2AE}.Debug|Any CPU.ActiveCfg = Debug|Any CPU
		{12CEAE12-79CB-49AD-9E1C-9E658B0FB2AE}.Debug|Any CPU.Build.0 = Debug|Any CPU
		{12CEAE12-79CB-49AD-9E1C-9E658B0FB2AE}.Release|Any CPU.ActiveCfg = Release|Any CPU
		{12CEAE12-79CB-49AD-9E1C-9E658B0FB2AE}.Release|Any CPU.Build.0 = Release|Any CPU
		{F53DD832-E7F0-43CF-A292-511654CB2A94}.Debug|Any CPU.ActiveCfg = Debug|Any CPU
		{F53DD832-E7F0-43CF-A292-511654CB2A94}.Debug|Any CPU.Build.0 = Debug|Any CPU
		{F53DD832-E7F0-43CF-A292-511654CB2A94}.Release|Any CPU.ActiveCfg = Release|Any CPU
		{F53DD832-E7F0-43CF-A292-511654CB2A94}.Release|Any CPU.Build.0 = Release|Any CPU
		{986158AE-241B-4DD9-A83F-FDB4FF598351}.Debug|Any CPU.ActiveCfg = Debug|Any CPU
		{986158AE-241B-4DD9-A83F-FDB4FF598351}.Debug|Any CPU.Build.0 = Debug|Any CPU
		{986158AE-241B-4DD9-A83F-FDB4FF598351}.Release|Any CPU.ActiveCfg = Release|Any CPU
		{986158AE-241B-4DD9-A83F-FDB4FF598351}.Release|Any CPU.Build.0 = Release|Any CPU
		{F0737751-A640-40C1-9904-155534296477}.Debug|Any CPU.ActiveCfg = Debug|Any CPU
		{F0737751-A640-40C1-9904-155534296477}.Debug|Any CPU.Build.0 = Debug|Any CPU
		{F0737751-A640-40C1-9904-155534296477}.Release|Any CPU.ActiveCfg = Release|Any CPU
		{F0737751-A640-40C1-9904-155534296477}.Release|Any CPU.Build.0 = Release|Any CPU
		{2816AA11-C60A-4740-99CE-44936F902AF0}.Debug|Any CPU.ActiveCfg = Debug|Any CPU
		{2816AA11-C60A-4740-99CE-44936F902AF0}.Debug|Any CPU.Build.0 = Debug|Any CPU
		{2816AA11-C60A-4740-99CE-44936F902AF0}.Release|Any CPU.ActiveCfg = Release|Any CPU
		{2816AA11-C60A-4740-99CE-44936F902AF0}.Release|Any CPU.Build.0 = Release|Any CPU
		{21A03EBD-D609-4575-A8A1-64BE1F9C73E6}.Debug|Any CPU.ActiveCfg = Debug|Any CPU
		{21A03EBD-D609-4575-A8A1-64BE1F9C73E6}.Debug|Any CPU.Build.0 = Debug|Any CPU
		{21A03EBD-D609-4575-A8A1-64BE1F9C73E6}.Release|Any CPU.ActiveCfg = Release|Any CPU
		{21A03EBD-D609-4575-A8A1-64BE1F9C73E6}.Release|Any CPU.Build.0 = Release|Any CPU
		{DE564A6B-CDD8-417D-B80E-CFED9F7C73E2}.Debug|Any CPU.ActiveCfg = Debug|Any CPU
		{DE564A6B-CDD8-417D-B80E-CFED9F7C73E2}.Debug|Any CPU.Build.0 = Debug|Any CPU
		{DE564A6B-CDD8-417D-B80E-CFED9F7C73E2}.Release|Any CPU.ActiveCfg = Release|Any CPU
		{DE564A6B-CDD8-417D-B80E-CFED9F7C73E2}.Release|Any CPU.Build.0 = Release|Any CPU
		{F27A0293-BD82-4ABF-91AA-9B593465C89C}.Debug|Any CPU.ActiveCfg = Debug|Any CPU
		{F27A0293-BD82-4ABF-91AA-9B593465C89C}.Debug|Any CPU.Build.0 = Debug|Any CPU
		{F27A0293-BD82-4ABF-91AA-9B593465C89C}.Release|Any CPU.ActiveCfg = Release|Any CPU
		{F27A0293-BD82-4ABF-91AA-9B593465C89C}.Release|Any CPU.Build.0 = Release|Any CPU
		{BC24D314-53BD-4783-B806-63FFA6917239}.Debug|Any CPU.ActiveCfg = Debug|Any CPU
		{BC24D314-53BD-4783-B806-63FFA6917239}.Debug|Any CPU.Build.0 = Debug|Any CPU
		{BC24D314-53BD-4783-B806-63FFA6917239}.Release|Any CPU.ActiveCfg = Release|Any CPU
		{BC24D314-53BD-4783-B806-63FFA6917239}.Release|Any CPU.Build.0 = Release|Any CPU
		{35FCAE00-F9BE-45D1-9960-37A403FC911E}.Debug|Any CPU.ActiveCfg = Debug|Any CPU
		{35FCAE00-F9BE-45D1-9960-37A403FC911E}.Debug|Any CPU.Build.0 = Debug|Any CPU
		{35FCAE00-F9BE-45D1-9960-37A403FC911E}.Release|Any CPU.ActiveCfg = Release|Any CPU
		{35FCAE00-F9BE-45D1-9960-37A403FC911E}.Release|Any CPU.Build.0 = Release|Any CPU
		{EF2832CF-7E3F-4697-9915-38874101F1E9}.Debug|Any CPU.ActiveCfg = Debug|Any CPU
		{EF2832CF-7E3F-4697-9915-38874101F1E9}.Debug|Any CPU.Build.0 = Debug|Any CPU
		{EF2832CF-7E3F-4697-9915-38874101F1E9}.Release|Any CPU.ActiveCfg = Release|Any CPU
		{EF2832CF-7E3F-4697-9915-38874101F1E9}.Release|Any CPU.Build.0 = Release|Any CPU
		{FC9D70E9-5EBA-4878-B3FB-C04F8446CF0C}.Debug|Any CPU.ActiveCfg = Debug|Any CPU
		{FC9D70E9-5EBA-4878-B3FB-C04F8446CF0C}.Debug|Any CPU.Build.0 = Debug|Any CPU
		{FC9D70E9-5EBA-4878-B3FB-C04F8446CF0C}.Release|Any CPU.ActiveCfg = Release|Any CPU
		{FC9D70E9-5EBA-4878-B3FB-C04F8446CF0C}.Release|Any CPU.Build.0 = Release|Any CPU
		{36654796-A5C7-42AE-AA17-1218596CE242}.Debug|Any CPU.ActiveCfg = Debug|Any CPU
		{36654796-A5C7-42AE-AA17-1218596CE242}.Debug|Any CPU.Build.0 = Debug|Any CPU
		{36654796-A5C7-42AE-AA17-1218596CE242}.Release|Any CPU.ActiveCfg = Release|Any CPU
		{36654796-A5C7-42AE-AA17-1218596CE242}.Release|Any CPU.Build.0 = Release|Any CPU
		{CF4DA92B-E183-4C3F-91BC-C6D5F0DBB305}.Debug|Any CPU.ActiveCfg = Debug|Any CPU
		{CF4DA92B-E183-4C3F-91BC-C6D5F0DBB305}.Debug|Any CPU.Build.0 = Debug|Any CPU
		{CF4DA92B-E183-4C3F-91BC-C6D5F0DBB305}.Release|Any CPU.ActiveCfg = Release|Any CPU
		{CF4DA92B-E183-4C3F-91BC-C6D5F0DBB305}.Release|Any CPU.Build.0 = Release|Any CPU
		{4CF143DC-6071-4366-A3A0-F452004B272E}.Debug|Any CPU.ActiveCfg = Debug|Any CPU
		{4CF143DC-6071-4366-A3A0-F452004B272E}.Debug|Any CPU.Build.0 = Debug|Any CPU
		{4CF143DC-6071-4366-A3A0-F452004B272E}.Release|Any CPU.ActiveCfg = Release|Any CPU
		{4CF143DC-6071-4366-A3A0-F452004B272E}.Release|Any CPU.Build.0 = Release|Any CPU
		{95C3536B-5428-4598-BF7B-D8D10485EBC3}.Debug|Any CPU.ActiveCfg = Debug|Any CPU
		{95C3536B-5428-4598-BF7B-D8D10485EBC3}.Debug|Any CPU.Build.0 = Debug|Any CPU
		{95C3536B-5428-4598-BF7B-D8D10485EBC3}.Release|Any CPU.ActiveCfg = Release|Any CPU
		{95C3536B-5428-4598-BF7B-D8D10485EBC3}.Release|Any CPU.Build.0 = Release|Any CPU
	EndGlobalSection
	GlobalSection(SolutionProperties) = preSolution
		HideSolutionNode = FALSE
	EndGlobalSection
	GlobalSection(NestedProjects) = preSolution
		{1C039589-558D-408A-801E-7A18BDED05AD} = {904315FA-0D83-44A1-AC98-084448FA057F}
		{F8AB8072-1E66-4B3D-93A8-A4EF42579CC5} = {904315FA-0D83-44A1-AC98-084448FA057F}
		{DFB93C3A-965C-48BB-BAB2-982268B64E7E} = {D51DB7B5-992B-45C7-9BDF-7559DE11F94C}
		{B196AC28-1814-4E88-B277-55A995FCBF3C} = {31BC9069-2DD9-4AA0-B57D-C3AC8728C1E8}
		{B403B764-6B92-4F0A-8287-9A61D9BBFBF3} = {B196AC28-1814-4E88-B277-55A995FCBF3C}
		{0535E9D6-D1C7-4E2F-83B7-2825E28F03EF} = {B196AC28-1814-4E88-B277-55A995FCBF3C}
		{B5F18639-91C6-4C66-BDCC-3F1AF60FA33B} = {B196AC28-1814-4E88-B277-55A995FCBF3C}
		{C8831E4F-0B01-44A2-82BB-E605BA077842} = {B196AC28-1814-4E88-B277-55A995FCBF3C}
		{12CEAE12-79CB-49AD-9E1C-9E658B0FB2AE} = {B196AC28-1814-4E88-B277-55A995FCBF3C}
		{AF5EB33F-27CF-4713-87B0-EB1CC42949A8} = {31BC9069-2DD9-4AA0-B57D-C3AC8728C1E8}
		{E90E0A8E-71C7-43F3-872D-DB266B23824F} = {31BC9069-2DD9-4AA0-B57D-C3AC8728C1E8}
		{F53DD832-E7F0-43CF-A292-511654CB2A94} = {AF5EB33F-27CF-4713-87B0-EB1CC42949A8}
		{986158AE-241B-4DD9-A83F-FDB4FF598351} = {AF5EB33F-27CF-4713-87B0-EB1CC42949A8}
		{F0737751-A640-40C1-9904-155534296477} = {AF5EB33F-27CF-4713-87B0-EB1CC42949A8}
		{2816AA11-C60A-4740-99CE-44936F902AF0} = {AF5EB33F-27CF-4713-87B0-EB1CC42949A8}
		{21A03EBD-D609-4575-A8A1-64BE1F9C73E6} = {AF5EB33F-27CF-4713-87B0-EB1CC42949A8}
		{DE564A6B-CDD8-417D-B80E-CFED9F7C73E2} = {E90E0A8E-71C7-43F3-872D-DB266B23824F}
		{F27A0293-BD82-4ABF-91AA-9B593465C89C} = {E90E0A8E-71C7-43F3-872D-DB266B23824F}
		{BC24D314-53BD-4783-B806-63FFA6917239} = {E90E0A8E-71C7-43F3-872D-DB266B23824F}
		{35FCAE00-F9BE-45D1-9960-37A403FC911E} = {E90E0A8E-71C7-43F3-872D-DB266B23824F}
		{EF2832CF-7E3F-4697-9915-38874101F1E9} = {E90E0A8E-71C7-43F3-872D-DB266B23824F}
		{DD85475E-ECE6-4642-8EAD-6A2DA08E717E} = {31BC9069-2DD9-4AA0-B57D-C3AC8728C1E8}
		{FC9D70E9-5EBA-4878-B3FB-C04F8446CF0C} = {DD85475E-ECE6-4642-8EAD-6A2DA08E717E}
		{36654796-A5C7-42AE-AA17-1218596CE242} = {DD85475E-ECE6-4642-8EAD-6A2DA08E717E}
		{CF4DA92B-E183-4C3F-91BC-C6D5F0DBB305} = {DD85475E-ECE6-4642-8EAD-6A2DA08E717E}
		{4CF143DC-6071-4366-A3A0-F452004B272E} = {DD85475E-ECE6-4642-8EAD-6A2DA08E717E}
		{95C3536B-5428-4598-BF7B-D8D10485EBC3} = {DD85475E-ECE6-4642-8EAD-6A2DA08E717E}
	EndGlobalSection
	GlobalSection(ExtensibilityGlobals) = postSolution
		SolutionGuid = {292DA663-7881-462C-8FB7-153ECC2F7E17}
	EndGlobalSection
EndGlobal
